
Microsoft Visual Studio Solution File, Format Version 12.00
# Visual Studio Version 17
VisualStudioVersion = 17.9.34622.214
MinimumVisualStudioVersion = 10.0.40219.1
Project("{FAE04EC0-301F-11D3-BF4B-00C04F79EFBC}") = "Task-2", "Task-2\Task-2.csproj", "{CC80A858-C660-4F38-824D-A61610211634}"
EndProject
Global
	GlobalSection(SolutionConfigurationPlatforms) = preSolution
		Debug|Any CPU = Debug|Any CPU
		Release|Any CPU = Release|Any CPU
	EndGlobalSection
	GlobalSection(ProjectConfigurationPlatforms) = postSolution
		{CC80A858-C660-4F38-824D-A61610211634}.Debug|Any CPU.ActiveCfg = Debug|Any CPU
		{CC80A858-C660-4F38-824D-A61610211634}.Debug|Any CPU.Build.0 = Debug|Any CPU
		{CC80A858-C660-4F38-824D-A61610211634}.Release|Any CPU.ActiveCfg = Release|Any CPU
		{CC80A858-C660-4F38-824D-A61610211634}.Release|Any CPU.Build.0 = Release|Any CPU
	EndGlobalSection
	GlobalSection(SolutionProperties) = preSolution
		HideSolutionNode = FALSE
	EndGlobalSection
	GlobalSection(ExtensibilityGlobals) = postSolution
		SolutionGuid = {847091D0-0994-442B-8A40-14FA376376AB}
	EndGlobalSection
EndGlobal
